
Microsoft Visual Studio Solution File, Format Version 12.00
# Visual Studio Version 17
VisualStudioVersion = 17.7.34221.43
MinimumVisualStudioVersion = 10.0.40219.1
Project("{9A19103F-16F7-4668-BE54-9A1E7A4F7556}") = "CustomAlbums", "CustomAlbums.csproj", "{AE06FA98-27DC-4F0D-8C4D-59D049F2E5FB}"
EndProject
Global
	GlobalSection(SolutionConfigurationPlatforms) = preSolution
		Debug|x64 = Debug|x64
		Release|x64 = Release|x64
	EndGlobalSection
	GlobalSection(ProjectConfigurationPlatforms) = postSolution
		{AE06FA98-27DC-4F0D-8C4D-59D049F2E5FB}.Debug|x64.ActiveCfg = Debug|x64
		{AE06FA98-27DC-4F0D-8C4D-59D049F2E5FB}.Debug|x64.Build.0 = Debug|x64
		{AE06FA98-27DC-4F0D-8C4D-59D049F2E5FB}.Release|x64.ActiveCfg = Release|x64
		{AE06FA98-27DC-4F0D-8C4D-59D049F2E5FB}.Release|x64.Build.0 = Release|x64
	EndGlobalSection
	GlobalSection(SolutionProperties) = preSolution
		HideSolutionNode = FALSE
	EndGlobalSection
	GlobalSection(ExtensibilityGlobals) = postSolution
		SolutionGuid = {B77F8FBA-9A6D-485A-B265-FEEE920E41B3}
	EndGlobalSection
EndGlobal
